
Microsoft Visual Studio Solution File, Format Version 12.00
# Visual Studio 15
VisualStudioVersion = 15.0.28307.489
MinimumVisualStudioVersion = 10.0.40219.1
Project("{FAE04EC0-301F-11D3-BF4B-00C04F79EFBC}") = "Lesson12-3", "Lesson12-3\Lesson12-3.csproj", "{3E6CB473-0537-4383-9986-D20DA4D5B550}"
EndProject
Global
	GlobalSection(SolutionConfigurationPlatforms) = preSolution
		Debug|Any CPU = Debug|Any CPU
		Release|Any CPU = Release|Any CPU
	EndGlobalSection
	GlobalSection(ProjectConfigurationPlatforms) = postSolution
		{3E6CB473-0537-4383-9986-D20DA4D5B550}.Debug|Any CPU.ActiveCfg = Debug|Any CPU
		{3E6CB473-0537-4383-9986-D20DA4D5B550}.Debug|Any CPU.Build.0 = Debug|Any CPU
		{3E6CB473-0537-4383-9986-D20DA4D5B550}.Release|Any CPU.ActiveCfg = Release|Any CPU
		{3E6CB473-0537-4383-9986-D20DA4D5B550}.Release|Any CPU.Build.0 = Release|Any CPU
	EndGlobalSection
	GlobalSection(SolutionProperties) = preSolution
		HideSolutionNode = FALSE
	EndGlobalSection
	GlobalSection(ExtensibilityGlobals) = postSolution
		SolutionGuid = {4593950B-DEAF-416E-82E2-4188801FEDEB}
	EndGlobalSection
EndGlobal
