
Microsoft Visual Studio Solution File, Format Version 12.00
# Visual Studio 15
VisualStudioVersion = 15.0.28307.489
MinimumVisualStudioVersion = 10.0.40219.1
Project("{FAE04EC0-301F-11D3-BF4B-00C04F79EFBC}") = "Lesson11-1", "Lesson11-1\Lesson11-1.csproj", "{832DDE82-F32E-4822-952D-396C29AE238B}"
EndProject
Global
	GlobalSection(SolutionConfigurationPlatforms) = preSolution
		Debug|Any CPU = Debug|Any CPU
		Release|Any CPU = Release|Any CPU
	EndGlobalSection
	GlobalSection(ProjectConfigurationPlatforms) = postSolution
		{832DDE82-F32E-4822-952D-396C29AE238B}.Debug|Any CPU.ActiveCfg = Debug|Any CPU
		{832DDE82-F32E-4822-952D-396C29AE238B}.Debug|Any CPU.Build.0 = Debug|Any CPU
		{832DDE82-F32E-4822-952D-396C29AE238B}.Release|Any CPU.ActiveCfg = Release|Any CPU
		{832DDE82-F32E-4822-952D-396C29AE238B}.Release|Any CPU.Build.0 = Release|Any CPU
	EndGlobalSection
	GlobalSection(SolutionProperties) = preSolution
		HideSolutionNode = FALSE
	EndGlobalSection
	GlobalSection(ExtensibilityGlobals) = postSolution
		SolutionGuid = {5151E25D-26D3-43C7-B462-E7EF91CF51B2}
	EndGlobalSection
EndGlobal
