
Microsoft Visual Studio Solution File, Format Version 12.00
# Visual Studio 15
VisualStudioVersion = 15.0.27004.2008
MinimumVisualStudioVersion = 10.0.40219.1
Project("{FAE04EC0-301F-11D3-BF4B-00C04F79EFBC}") = "BasicLearning", "BasicLearning\BasicLearning.csproj", "{42FEB288-9A31-4A73-96A5-7F82F8754495}"
EndProject
Global
	GlobalSection(SolutionConfigurationPlatforms) = preSolution
		Debug|Any CPU = Debug|Any CPU
		Release|Any CPU = Release|Any CPU
	EndGlobalSection
	GlobalSection(ProjectConfigurationPlatforms) = postSolution
		{42FEB288-9A31-4A73-96A5-7F82F8754495}.Debug|Any CPU.ActiveCfg = Debug|Any CPU
		{42FEB288-9A31-4A73-96A5-7F82F8754495}.Debug|Any CPU.Build.0 = Debug|Any CPU
		{42FEB288-9A31-4A73-96A5-7F82F8754495}.Release|Any CPU.ActiveCfg = Release|Any CPU
		{42FEB288-9A31-4A73-96A5-7F82F8754495}.Release|Any CPU.Build.0 = Release|Any CPU
	EndGlobalSection
	GlobalSection(SolutionProperties) = preSolution
		HideSolutionNode = FALSE
	EndGlobalSection
	GlobalSection(ExtensibilityGlobals) = postSolution
		SolutionGuid = {5F357E2E-43ED-45EF-AE20-8BEAAC2223A0}
	EndGlobalSection
EndGlobal
