
Microsoft Visual Studio Solution File, Format Version 12.00
# Visual Studio 15
VisualStudioVersion = 15.0.27004.2008
MinimumVisualStudioVersion = 10.0.40219.1
Project("{FAE04EC0-301F-11D3-BF4B-00C04F79EFBC}") = "Lesson7", "Lesson7\Lesson7.csproj", "{149026A7-A923-4CF2-9FA1-0B38AFF86FD2}"
EndProject
Global
	GlobalSection(SolutionConfigurationPlatforms) = preSolution
		Debug|Any CPU = Debug|Any CPU
		Release|Any CPU = Release|Any CPU
	EndGlobalSection
	GlobalSection(ProjectConfigurationPlatforms) = postSolution
		{149026A7-A923-4CF2-9FA1-0B38AFF86FD2}.Debug|Any CPU.ActiveCfg = Debug|Any CPU
		{149026A7-A923-4CF2-9FA1-0B38AFF86FD2}.Debug|Any CPU.Build.0 = Debug|Any CPU
		{149026A7-A923-4CF2-9FA1-0B38AFF86FD2}.Release|Any CPU.ActiveCfg = Release|Any CPU
		{149026A7-A923-4CF2-9FA1-0B38AFF86FD2}.Release|Any CPU.Build.0 = Release|Any CPU
	EndGlobalSection
	GlobalSection(SolutionProperties) = preSolution
		HideSolutionNode = FALSE
	EndGlobalSection
	GlobalSection(ExtensibilityGlobals) = postSolution
		SolutionGuid = {FB37CC43-9A07-4085-A659-E177FBDE4DCE}
	EndGlobalSection
EndGlobal
