
Microsoft Visual Studio Solution File, Format Version 12.00
# Visual Studio 15
VisualStudioVersion = 15.0.28307.489
MinimumVisualStudioVersion = 10.0.40219.1
Project("{FAE04EC0-301F-11D3-BF4B-00C04F79EFBC}") = "Lesson12-5", "Lesson12-5\Lesson12-5.csproj", "{5BDB7378-0D3D-4DCB-884C-672F5F40E637}"
EndProject
Global
	GlobalSection(SolutionConfigurationPlatforms) = preSolution
		Debug|Any CPU = Debug|Any CPU
		Release|Any CPU = Release|Any CPU
	EndGlobalSection
	GlobalSection(ProjectConfigurationPlatforms) = postSolution
		{5BDB7378-0D3D-4DCB-884C-672F5F40E637}.Debug|Any CPU.ActiveCfg = Debug|Any CPU
		{5BDB7378-0D3D-4DCB-884C-672F5F40E637}.Debug|Any CPU.Build.0 = Debug|Any CPU
		{5BDB7378-0D3D-4DCB-884C-672F5F40E637}.Release|Any CPU.ActiveCfg = Release|Any CPU
		{5BDB7378-0D3D-4DCB-884C-672F5F40E637}.Release|Any CPU.Build.0 = Release|Any CPU
	EndGlobalSection
	GlobalSection(SolutionProperties) = preSolution
		HideSolutionNode = FALSE
	EndGlobalSection
	GlobalSection(ExtensibilityGlobals) = postSolution
		SolutionGuid = {CFEA9C23-29D8-4C57-9CB9-D2A74D2FF45B}
	EndGlobalSection
EndGlobal
