
Microsoft Visual Studio Solution File, Format Version 12.00
# Visual Studio 15
VisualStudioVersion = 15.0.28307.489
MinimumVisualStudioVersion = 10.0.40219.1
Project("{FAE04EC0-301F-11D3-BF4B-00C04F79EFBC}") = "Lesson10-3", "Lesson10-3\Lesson10-3.csproj", "{8F51AD63-49AB-4B18-9429-3B2995B8D29D}"
EndProject
Global
	GlobalSection(SolutionConfigurationPlatforms) = preSolution
		Debug|Any CPU = Debug|Any CPU
		Release|Any CPU = Release|Any CPU
	EndGlobalSection
	GlobalSection(ProjectConfigurationPlatforms) = postSolution
		{8F51AD63-49AB-4B18-9429-3B2995B8D29D}.Debug|Any CPU.ActiveCfg = Debug|Any CPU
		{8F51AD63-49AB-4B18-9429-3B2995B8D29D}.Debug|Any CPU.Build.0 = Debug|Any CPU
		{8F51AD63-49AB-4B18-9429-3B2995B8D29D}.Release|Any CPU.ActiveCfg = Release|Any CPU
		{8F51AD63-49AB-4B18-9429-3B2995B8D29D}.Release|Any CPU.Build.0 = Release|Any CPU
	EndGlobalSection
	GlobalSection(SolutionProperties) = preSolution
		HideSolutionNode = FALSE
	EndGlobalSection
	GlobalSection(ExtensibilityGlobals) = postSolution
		SolutionGuid = {3CAC06DF-04EE-48DF-ABBA-4548DE730A31}
	EndGlobalSection
EndGlobal
