
Microsoft Visual Studio Solution File, Format Version 12.00
# Visual Studio 15
VisualStudioVersion = 15.0.28307.489
MinimumVisualStudioVersion = 10.0.40219.1
Project("{FAE04EC0-301F-11D3-BF4B-00C04F79EFBC}") = "Lesson12-1", "Lesson12-1\Lesson12-1.csproj", "{79BB3EC3-0FCA-4872-BEEA-5A0996AB0618}"
EndProject
Global
	GlobalSection(SolutionConfigurationPlatforms) = preSolution
		Debug|Any CPU = Debug|Any CPU
		Release|Any CPU = Release|Any CPU
	EndGlobalSection
	GlobalSection(ProjectConfigurationPlatforms) = postSolution
		{79BB3EC3-0FCA-4872-BEEA-5A0996AB0618}.Debug|Any CPU.ActiveCfg = Debug|Any CPU
		{79BB3EC3-0FCA-4872-BEEA-5A0996AB0618}.Debug|Any CPU.Build.0 = Debug|Any CPU
		{79BB3EC3-0FCA-4872-BEEA-5A0996AB0618}.Release|Any CPU.ActiveCfg = Release|Any CPU
		{79BB3EC3-0FCA-4872-BEEA-5A0996AB0618}.Release|Any CPU.Build.0 = Release|Any CPU
	EndGlobalSection
	GlobalSection(SolutionProperties) = preSolution
		HideSolutionNode = FALSE
	EndGlobalSection
	GlobalSection(ExtensibilityGlobals) = postSolution
		SolutionGuid = {363D4650-3FA4-43E3-B203-547D8BF526E2}
	EndGlobalSection
EndGlobal
